
Microsoft Visual Studio Solution File, Format Version 12.00
# Visual Studio Version 17
VisualStudioVersion = 17.0.31919.166
MinimumVisualStudioVersion = 10.0.40219.1
Project("{FAE04EC0-301F-11D3-BF4B-00C04F79EFBC}") = "EmployeeServices", "EmployeeServices\EmployeeServices.csproj", "{9B6C9610-8CB4-4006-A41B-B78C5E581AE0}"
EndProject
Project("{FAE04EC0-301F-11D3-BF4B-00C04F79EFBC}") = "EmployeeDataAccess", "EmployeeDataAccess\EmployeeDataAccess.csproj", "{46B08648-18BB-4E57-BB66-BCFD8D731A45}"
EndProject
Global
	GlobalSection(SolutionConfigurationPlatforms) = preSolution
		Debug|Any CPU = Debug|Any CPU
		Release|Any CPU = Release|Any CPU
	EndGlobalSection
	GlobalSection(ProjectConfigurationPlatforms) = postSolution
		{9B6C9610-8CB4-4006-A41B-B78C5E581AE0}.Debug|Any CPU.ActiveCfg = Debug|Any CPU
		{9B6C9610-8CB4-4006-A41B-B78C5E581AE0}.Debug|Any CPU.Build.0 = Debug|Any CPU
		{9B6C9610-8CB4-4006-A41B-B78C5E581AE0}.Release|Any CPU.ActiveCfg = Release|Any CPU
		{9B6C9610-8CB4-4006-A41B-B78C5E581AE0}.Release|Any CPU.Build.0 = Release|Any CPU
		{46B08648-18BB-4E57-BB66-BCFD8D731A45}.Debug|Any CPU.ActiveCfg = Debug|Any CPU
		{46B08648-18BB-4E57-BB66-BCFD8D731A45}.Debug|Any CPU.Build.0 = Debug|Any CPU
		{46B08648-18BB-4E57-BB66-BCFD8D731A45}.Release|Any CPU.ActiveCfg = Release|Any CPU
		{46B08648-18BB-4E57-BB66-BCFD8D731A45}.Release|Any CPU.Build.0 = Release|Any CPU
	EndGlobalSection
	GlobalSection(SolutionProperties) = preSolution
		HideSolutionNode = FALSE
	EndGlobalSection
	GlobalSection(ExtensibilityGlobals) = postSolution
		SolutionGuid = {B74537D7-3137-4349-ACF0-88531CB93EEA}
	EndGlobalSection
EndGlobal
